<Solution Description="Visual Studio slnx file generated by Premake" Version="1.4">
  <Configurations>
    <BuildType Name="Debug" />
    <BuildType Name="Release" />
    <Platform Name="ARM64" />
    <Platform Name="Win32" />
    <Platform Name="x64" />
  </Configurations>
  <Project Path="pong.vcxproj" Id="B9609C7C-A597-9D0D-4E84-83103A9A190F" DefaultStartup="true">
    <BuildDependency Project="raylib.vcxproj" />
  </Project>
  <Project Path="raylib.vcxproj" Id="8898EA18-743A-15EF-5DF5-284349369C3F">
  </Project>
</Solution>